
Microsoft Visual Studio Solution File, Format Version 12.00
# Visual Studio Version 17
VisualStudioVersion = 17.10.34916.146
MinimumVisualStudioVersion = 10.0.40219.1
Project("{FAE04EC0-301F-11D3-BF4B-00C04F79EFBC}") = "Rabbit.Publisher.API", "Rabbit.Publisher.API\Rabbit.Publisher.API.csproj", "{8AD46CFA-827C-4AAA-921B-E04E9B6D33DA}"
EndProject
Project("{FAE04EC0-301F-11D3-BF4B-00C04F79EFBC}") = "Rabbit.Consumer", "Rabbit.Consumer\Rabbit.Consumer.csproj", "{8775F2A2-22AD-4C17-A00E-72B6814E3EA6}"
EndProject
Project("{FAE04EC0-301F-11D3-BF4B-00C04F79EFBC}") = "Rabbit.Models", "Rabbit.Models\Rabbit.Models.csproj", "{C7CC3A65-5ACF-4CD8-B6C9-77C092AF64A1}"
EndProject
Project("{FAE04EC0-301F-11D3-BF4B-00C04F79EFBC}") = "Rabbit.Services", "Rabbit.Services\Rabbit.Services.csproj", "{06615BF7-19D9-4469-B139-1BC506183A1B}"
EndProject
Project("{FAE04EC0-301F-11D3-BF4B-00C04F79EFBC}") = "Rabbit.Repositories", "Rabbit.Repositories\Rabbit.Repositories.csproj", "{9A030AAC-117D-4334-8E89-A1E883742EBB}"
EndProject
Global
	GlobalSection(SolutionConfigurationPlatforms) = preSolution
		Debug|Any CPU = Debug|Any CPU
		Release|Any CPU = Release|Any CPU
	EndGlobalSection
	GlobalSection(ProjectConfigurationPlatforms) = postSolution
		{8AD46CFA-827C-4AAA-921B-E04E9B6D33DA}.Debug|Any CPU.ActiveCfg = Debug|Any CPU
		{8AD46CFA-827C-4AAA-921B-E04E9B6D33DA}.Debug|Any CPU.Build.0 = Debug|Any CPU
		{8AD46CFA-827C-4AAA-921B-E04E9B6D33DA}.Release|Any CPU.ActiveCfg = Release|Any CPU
		{8AD46CFA-827C-4AAA-921B-E04E9B6D33DA}.Release|Any CPU.Build.0 = Release|Any CPU
		{8775F2A2-22AD-4C17-A00E-72B6814E3EA6}.Debug|Any CPU.ActiveCfg = Debug|Any CPU
		{8775F2A2-22AD-4C17-A00E-72B6814E3EA6}.Debug|Any CPU.Build.0 = Debug|Any CPU
		{8775F2A2-22AD-4C17-A00E-72B6814E3EA6}.Release|Any CPU.ActiveCfg = Release|Any CPU
		{8775F2A2-22AD-4C17-A00E-72B6814E3EA6}.Release|Any CPU.Build.0 = Release|Any CPU
		{C7CC3A65-5ACF-4CD8-B6C9-77C092AF64A1}.Debug|Any CPU.ActiveCfg = Debug|Any CPU
		{C7CC3A65-5ACF-4CD8-B6C9-77C092AF64A1}.Debug|Any CPU.Build.0 = Debug|Any CPU
		{C7CC3A65-5ACF-4CD8-B6C9-77C092AF64A1}.Release|Any CPU.ActiveCfg = Release|Any CPU
		{C7CC3A65-5ACF-4CD8-B6C9-77C092AF64A1}.Release|Any CPU.Build.0 = Release|Any CPU
		{06615BF7-19D9-4469-B139-1BC506183A1B}.Debug|Any CPU.ActiveCfg = Debug|Any CPU
		{06615BF7-19D9-4469-B139-1BC506183A1B}.Debug|Any CPU.Build.0 = Debug|Any CPU
		{06615BF7-19D9-4469-B139-1BC506183A1B}.Release|Any CPU.ActiveCfg = Release|Any CPU
		{06615BF7-19D9-4469-B139-1BC506183A1B}.Release|Any CPU.Build.0 = Release|Any CPU
		{9A030AAC-117D-4334-8E89-A1E883742EBB}.Debug|Any CPU.ActiveCfg = Debug|Any CPU
		{9A030AAC-117D-4334-8E89-A1E883742EBB}.Debug|Any CPU.Build.0 = Debug|Any CPU
		{9A030AAC-117D-4334-8E89-A1E883742EBB}.Release|Any CPU.ActiveCfg = Release|Any CPU
		{9A030AAC-117D-4334-8E89-A1E883742EBB}.Release|Any CPU.Build.0 = Release|Any CPU
	EndGlobalSection
	GlobalSection(SolutionProperties) = preSolution
		HideSolutionNode = FALSE
	EndGlobalSection
	GlobalSection(ExtensibilityGlobals) = postSolution
		SolutionGuid = {5C52C180-89CF-4E88-AC72-2ABE163A1B29}
	EndGlobalSection
EndGlobal
